{
  "requires": true,
  "lockfileVersion": 1,
  "dependencies": {
    "minecraft-scripting-types-server": {
      "version": "1.0.0",
      "resolved": "https://registry.npm.taobao.org/minecraft-scripting-types-server/download/minecraft-scripting-types-server-1.0.0.tgz",
      "integrity": "sha1-sKaIacTo6gbMut/alPnczSfVefY=",
      "dev": true,
      "requires": {
        "minecraft-scripting-types-shared": "^1.0.0"
      }
    },
    "minecraft-scripting-types-shared": {
      "version": "1.0.0",
      "resolved": "https://registry.npm.taobao.org/minecraft-scripting-types-shared/download/minecraft-scripting-types-shared-1.0.0.tgz",
      "integrity": "sha1-dxrVthEWvW7CZbksvAVKtGEyLhk=",
      "dev": true
    },
    "stoneserver-scripting-types": {
      "version": "0.1.5",
      "resolved": "https://registry.npm.taobao.org/stoneserver-scripting-types/download/stoneserver-scripting-types-0.1.5.tgz",
      "integrity": "sha1-1ZV0c4z6F6eDG5PvUIWd58ncwWs=",
      "dev": true
    },
    "typescript": {
      "version": "3.5.1",
      "resolved": "https://registry.npm.taobao.org/typescript/download/typescript-3.5.1.tgz",
      "integrity": "sha1-unKmpgCyFYE5xd2IUPcA4jFGQgI=",
      "dev": true
    },
    "typescript-bundle": {
      "version": "1.0.16",
      "resolved": "https://registry.npm.taobao.org/typescript-bundle/download/typescript-bundle-1.0.16.tgz",
      "integrity": "sha1-Lv7Rtp7MMQ/zm87zVnZK72du/wU=",
      "dev": true
    }
  }
}
