{
  "requires": true,
  "lockfileVersion": 1,
  "dependencies": {
    "minecraft-scripting-types-server": {
      "version": "1.0.0",
      "resolved": "https://registry.npmjs.org/minecraft-scripting-types-server/-/minecraft-scripting-types-server-1.0.0.tgz",
      "integrity": "sha512-SpNcIDQaXX1PVBiyISYSe3ca+FEFNgA8Im6HNcJCW/0+HL2cNEUJ4LYShImrG7+hye3ISLXmQ9sH2a7Vu99/iA==",
      "dev": true,
      "requires": {
        "minecraft-scripting-types-shared": "^1.0.0"
      }
    },
    "minecraft-scripting-types-shared": {
      "version": "1.0.0",
      "resolved": "https://registry.npmjs.org/minecraft-scripting-types-shared/-/minecraft-scripting-types-shared-1.0.0.tgz",
      "integrity": "sha512-JUTAsE+tJsnAi7F+Et4tHUFb9Avj4UqzzbXBItpaVFXK2ZOMrc8HUG2FwEoBCk4POd3j5Qpjl7cqRTYjV+7Syg==",
      "dev": true
    },
    "stoneserver-scripting-types": {
      "version": "0.1.5",
      "resolved": "https://registry.npmjs.org/stoneserver-scripting-types/-/stoneserver-scripting-types-0.1.5.tgz",
      "integrity": "sha512-TIPEdaw8zrTweg+UWxJ1rOBgXk6FJHZypilQZYPaaEqJNKbzBhspmmhX/KSJ26vCNtwqlleD9zIyW4OwtfbuIQ==",
      "dev": true
    },
    "typescript": {
      "version": "3.5.2",
      "resolved": "https://registry.npmjs.org/typescript/-/typescript-3.5.2.tgz",
      "integrity": "sha512-7KxJovlYhTX5RaRbUdkAXN1KUZ8PwWlTzQdHV6xNqvuFOs7+WBo10TQUqT19Q/Jz2hk5v9TQDIhyLhhJY4p5AA==",
      "dev": true
    },
    "typescript-bundle": {
      "version": "1.0.16",
      "resolved": "https://registry.npmjs.org/typescript-bundle/-/typescript-bundle-1.0.16.tgz",
      "integrity": "sha512-J0JXGjNNk32QOCRERYyQc99N5iZo5lcSiQJRELik5qHUS1xAe6H0ulqWX0UtUCWG9rvKBfMSD6EbuFLLKvDCqA==",
      "dev": true
    }
  }
}
